<?xml version="1.0" encoding="UTF-8" standalone="yes" ?>
<CodeBlocks_project_file>
	<FileVersion major="1" minor="6" />
	<Project>
		<Option title="wpa_supplicant" />
		<Option makefile_is_custom="1" />
		<Option execution_dir="wpa_supplicant" />
		<Option pch_mode="2" />
		<Option compiler="gcc" />
		<MakeCommands>
			<Build command="$make -f $makefile $target" />
			<CompileFile command="$make -f $makefile $file" />
			<Clean command="$make -f $makefile clean" />
			<DistClean command="$make -f $makefile distclean" />
			<AskRebuildNeeded command="$make -q -f $makefile $target" />
			<SilentBuild command="$make -f $makefile $target &gt; $(CMD_NULL)" />
		</MakeCommands>
		<Build>
			<Target title="configure_debug">
				<Option type="4" />
				<Option compiler="gcc" />
				<ExtraCommands>
					<Add after="cp -f debug_defconfig .config" />
				</ExtraCommands>
				<MakeCommands>
					<Build command="true" />
					<CompileFile command="true" />
					<Clean command="" />
					<DistClean command="" />
					<AskRebuildNeeded command="$make -q -f $makefile $makefile debug_defconfig" />
					<SilentBuild command="true &gt; $(CMD_NULL)" />
				</MakeCommands>
			</Target>
			<Target title="configure_release">
				<Option type="4" />
				<Option compiler="gcc" />
				<ExtraCommands>
					<Add after="cp -f release_defconfig .config" />
				</ExtraCommands>
				<MakeCommands>
					<Build command="true" />
					<CompileFile command="true" />
					<Clean command="" />
					<DistClean command="" />
					<AskRebuildNeeded command="$make -q -f $makefile $makefile release_defconfig" />
					<SilentBuild command="true &gt; $(CMD_NULL)" />
				</MakeCommands>
			</Target>
			<Target title="all">
				<Option type="4" />
				<Option compiler="gcc" />
				<MakeCommands>
					<Build command="" />
					<CompileFile command="" />
					<Clean command="" />
					<DistClean command="" />
					<AskRebuildNeeded command="" />
					<SilentBuild command=" &gt; $(CMD_NULL)" />
				</MakeCommands>
			</Target>
			<Target title="install">
				<Option type="4" />
				<Option compiler="gcc" />
				<MakeCommands>
					<Build command="$make -f $makefile $target PREFIX=$(PROJECT_DIR)/out" />
					<CompileFile command="" />
					<Clean command="" />
					<DistClean command="" />
					<AskRebuildNeeded command="" />
					<SilentBuild command="$make -f $makefile $target PREFIX=$(PROJECT_DIR)/out &gt; $(CMD_NULL)" />
				</MakeCommands>
			</Target>
		</Build>
		<VirtualTargets>
			<Add alias="Debug" targets="configure_debug;all;install;" />
			<Add alias="Release" targets="configure_release;all;install;" />
		</VirtualTargets>
		<Compiler>
			<Add option="-Wall" />
		</Compiler>
		<Unit filename="src/ap/accounting.c">
			<Option compilerVar="CC" />
			<Option target="&lt;{~None~}&gt;" />
		</Unit>
		<Unit filename="src/ap/accounting.h">
			<Option target="&lt;{~None~}&gt;" />
		</Unit>
		<Unit filename="src/ap/ap_config.c">
			<Option compilerVar="CC" />
			<Option target="&lt;{~None~}&gt;" />
		</Unit>
		<Unit filename="src/ap/ap_config.h">
			<Option target="&lt;{~None~}&gt;" />
		</Unit>
		<Unit filename="src/ap/ap_drv_ops.c">
			<Option compilerVar="CC" />
			<Option target="&lt;{~None~}&gt;" />
		</Unit>
		<Unit filename="src/ap/ap_drv_ops.h">
			<Option target="&lt;{~None~}&gt;" />
		</Unit>
		<Unit filename="src/ap/ap_list.c">
			<Option compilerVar="CC" />
			<Option target="&lt;{~None~}&gt;" />
		</Unit>
		<Unit filename="src/ap/ap_list.h">
			<Option target="&lt;{~None~}&gt;" />
		</Unit>
		<Unit filename="src/ap/ap_mlme.c">
			<Option compilerVar="CC" />
			<Option target="&lt;{~None~}&gt;" />
		</Unit>
		<Unit filename="src/ap/ap_mlme.h">
			<Option target="&lt;{~None~}&gt;" />
		</Unit>
		<Unit filename="src/ap/authsrv.c">
			<Option compilerVar="CC" />
			<Option target="&lt;{~None~}&gt;" />
		</Unit>
		<Unit filename="src/ap/authsrv.h">
			<Option target="&lt;{~None~}&gt;" />
		</Unit>
		<Unit filename="src/ap/beacon.c">
			<Option compilerVar="CC" />
			<Option target="&lt;{~None~}&gt;" />
		</Unit>
		<Unit filename="src/ap/beacon.h">
			<Option target="&lt;{~None~}&gt;" />
		</Unit>
		<Unit filename="src/ap/ctrl_iface_ap.c">
			<Option compilerVar="CC" />
			<Option target="&lt;{~None~}&gt;" />
		</Unit>
		<Unit filename="src/ap/ctrl_iface_ap.h">
			<Option target="&lt;{~None~}&gt;" />
		</Unit>
		<Unit filename="src/ap/drv_callbacks.c">
			<Option compilerVar="CC" />
			<Option target="&lt;{~None~}&gt;" />
		</Unit>
		<Unit filename="src/ap/hostapd.c">
			<Option compilerVar="CC" />
			<Option target="&lt;{~None~}&gt;" />
		</Unit>
		<Unit filename="src/ap/hostapd.h">
			<Option target="&lt;{~None~}&gt;" />
		</Unit>
		<Unit filename="src/ap/hw_features.c">
			<Option compilerVar="CC" />
			<Option target="&lt;{~None~}&gt;" />
		</Unit>
		<Unit filename="src/ap/hw_features.h">
			<Option target="&lt;{~None~}&gt;" />
		</Unit>
		<Unit filename="src/ap/iapp.c">
			<Option compilerVar="CC" />
			<Option target="&lt;{~None~}&gt;" />
		</Unit>
		<Unit filename="src/ap/iapp.h">
			<Option target="&lt;{~None~}&gt;" />
		</Unit>
		<Unit filename="src/ap/ieee802_11.c">
			<Option compilerVar="CC" />
			<Option target="&lt;{~None~}&gt;" />
		</Unit>
		<Unit filename="src/ap/ieee802_11.h">
			<Option target="&lt;{~None~}&gt;" />
		</Unit>
		<Unit filename="src/ap/ieee802_11_auth.c">
			<Option compilerVar="CC" />
			<Option target="&lt;{~None~}&gt;" />
		</Unit>
		<Unit filename="src/ap/ieee802_11_auth.h">
			<Option target="&lt;{~None~}&gt;" />
		</Unit>
		<Unit filename="src/ap/ieee802_11_ht.c">
			<Option compilerVar="CC" />
			<Option target="&lt;{~None~}&gt;" />
		</Unit>
		<Unit filename="src/ap/ieee802_1x.c">
			<Option compilerVar="CC" />
			<Option target="&lt;{~None~}&gt;" />
		</Unit>
		<Unit filename="src/ap/ieee802_1x.h">
			<Option target="&lt;{~None~}&gt;" />
		</Unit>
		<Unit filename="src/ap/peerkey_auth.c">
			<Option compilerVar="CC" />
			<Option target="&lt;{~None~}&gt;" />
		</Unit>
		<Unit filename="src/ap/pmksa_cache_auth.c">
			<Option compilerVar="CC" />
			<Option target="&lt;{~None~}&gt;" />
		</Unit>
		<Unit filename="src/ap/pmksa_cache_auth.h">
			<Option target="&lt;{~None~}&gt;" />
		</Unit>
		<Unit filename="src/ap/preauth_auth.c">
			<Option compilerVar="CC" />
			<Option target="&lt;{~None~}&gt;" />
		</Unit>
		<Unit filename="src/ap/preauth_auth.h">
			<Option target="&lt;{~None~}&gt;" />
		</Unit>
		<Unit filename="src/ap/sta_info.c">
			<Option compilerVar="CC" />
			<Option target="&lt;{~None~}&gt;" />
		</Unit>
		<Unit filename="src/ap/sta_info.h">
			<Option target="&lt;{~None~}&gt;" />
		</Unit>
		<Unit filename="src/ap/tkip_countermeasures.c">
			<Option compilerVar="CC" />
			<Option target="&lt;{~None~}&gt;" />
		</Unit>
		<Unit filename="src/ap/tkip_countermeasures.h">
			<Option target="&lt;{~None~}&gt;" />
		</Unit>
		<Unit filename="src/ap/utils.c">
			<Option compilerVar="CC" />
			<Option target="&lt;{~None~}&gt;" />
		</Unit>
		<Unit filename="src/ap/vlan_init.c">
			<Option compilerVar="CC" />
			<Option target="&lt;{~None~}&gt;" />
		</Unit>
		<Unit filename="src/ap/vlan_init.h">
			<Option target="&lt;{~None~}&gt;" />
		</Unit>
		<Unit filename="src/ap/wmm.c">
			<Option compilerVar="CC" />
			<Option target="&lt;{~None~}&gt;" />
		</Unit>
		<Unit filename="src/ap/wmm.h">
			<Option target="&lt;{~None~}&gt;" />
		</Unit>
		<Unit filename="src/ap/wpa_auth.c">
			<Option compilerVar="CC" />
			<Option target="&lt;{~None~}&gt;" />
		</Unit>
		<Unit filename="src/ap/wpa_auth.h">
			<Option target="&lt;{~None~}&gt;" />
		</Unit>
		<Unit filename="src/ap/wpa_auth_ft.c">
			<Option compilerVar="CC" />
			<Option target="&lt;{~None~}&gt;" />
		</Unit>
		<Unit filename="src/ap/wpa_auth_glue.c">
			<Option compilerVar="CC" />
			<Option target="&lt;{~None~}&gt;" />
		</Unit>
		<Unit filename="src/ap/wpa_auth_glue.h">
			<Option target="&lt;{~None~}&gt;" />
		</Unit>
		<Unit filename="src/ap/wpa_auth_i.h">
			<Option target="&lt;{~None~}&gt;" />
		</Unit>
		<Unit filename="src/ap/wpa_auth_ie.c">
			<Option compilerVar="CC" />
			<Option target="&lt;{~None~}&gt;" />
		</Unit>
		<Unit filename="src/ap/wpa_auth_ie.h">
			<Option target="&lt;{~None~}&gt;" />
		</Unit>
		<Unit filename="src/ap/wps_hostapd.c">
			<Option compilerVar="CC" />
			<Option target="&lt;{~None~}&gt;" />
		</Unit>
		<Unit filename="src/ap/wps_hostapd.h">
			<Option target="&lt;{~None~}&gt;" />
		</Unit>
		<Unit filename="src/common/defs.h">
			<Option target="&lt;{~None~}&gt;" />
		</Unit>
		<Unit filename="src/common/eapol_common.h">
			<Option target="&lt;{~None~}&gt;" />
		</Unit>
		<Unit filename="src/common/ieee802_11_common.c">
			<Option compilerVar="CC" />
			<Option target="&lt;{~None~}&gt;" />
		</Unit>
		<Unit filename="src/common/ieee802_11_common.h">
			<Option target="&lt;{~None~}&gt;" />
		</Unit>
		<Unit filename="src/common/ieee802_11_defs.h">
			<Option target="&lt;{~None~}&gt;" />
		</Unit>
		<Unit filename="src/common/privsep_commands.h">
			<Option target="&lt;{~None~}&gt;" />
		</Unit>
		<Unit filename="src/common/version.h">
			<Option target="&lt;{~None~}&gt;" />
		</Unit>
		<Unit filename="src/common/wpa_common.c">
			<Option compilerVar="CC" />
			<Option target="&lt;{~None~}&gt;" />
		</Unit>
		<Unit filename="src/common/wpa_common.h">
			<Option target="&lt;{~None~}&gt;" />
		</Unit>
		<Unit filename="src/common/wpa_ctrl.c">
			<Option compilerVar="CC" />
			<Option target="&lt;{~None~}&gt;" />
		</Unit>
		<Unit filename="src/common/wpa_ctrl.h">
			<Option target="&lt;{~None~}&gt;" />
		</Unit>
		<Unit filename="src/crypto/aes-cbc.c">
			<Option compilerVar="CC" />
			<Option target="&lt;{~None~}&gt;" />
		</Unit>
		<Unit filename="src/crypto/aes-ctr.c">
			<Option compilerVar="CC" />
			<Option target="&lt;{~None~}&gt;" />
		</Unit>
		<Unit filename="src/crypto/aes-eax.c">
			<Option compilerVar="CC" />
			<Option target="&lt;{~None~}&gt;" />
		</Unit>
		<Unit filename="src/crypto/aes-encblock.c">
			<Option compilerVar="CC" />
			<Option target="&lt;{~None~}&gt;" />
		</Unit>
		<Unit filename="src/crypto/aes-internal-dec.c">
			<Option compilerVar="CC" />
			<Option target="&lt;{~None~}&gt;" />
		</Unit>
		<Unit filename="src/crypto/aes-internal-enc.c">
			<Option compilerVar="CC" />
			<Option target="&lt;{~None~}&gt;" />
		</Unit>
		<Unit filename="src/crypto/aes-internal.c">
			<Option compilerVar="CC" />
			<Option target="&lt;{~None~}&gt;" />
		</Unit>
		<Unit filename="src/crypto/aes-omac1.c">
			<Option compilerVar="CC" />
			<Option target="&lt;{~None~}&gt;" />
		</Unit>
		<Unit filename="src/crypto/aes-unwrap.c">
			<Option compilerVar="CC" />
			<Option target="&lt;{~None~}&gt;" />
		</Unit>
		<Unit filename="src/crypto/aes-wrap.c">
			<Option compilerVar="CC" />
			<Option target="&lt;{~None~}&gt;" />
		</Unit>
		<Unit filename="src/crypto/aes.h">
			<Option target="&lt;{~None~}&gt;" />
		</Unit>
		<Unit filename="src/crypto/aes_i.h">
			<Option target="&lt;{~None~}&gt;" />
		</Unit>
		<Unit filename="src/crypto/aes_wrap.h">
			<Option target="&lt;{~None~}&gt;" />
		</Unit>
		<Unit filename="src/crypto/crypto.h">
			<Option target="&lt;{~None~}&gt;" />
		</Unit>
		<Unit filename="src/crypto/crypto_cryptoapi.c">
			<Option compilerVar="CC" />
			<Option target="&lt;{~None~}&gt;" />
		</Unit>
		<Unit filename="src/crypto/crypto_gnutls.c">
			<Option compilerVar="CC" />
			<Option target="&lt;{~None~}&gt;" />
		</Unit>
		<Unit filename="src/crypto/crypto_internal-cipher.c">
			<Option compilerVar="CC" />
			<Option target="&lt;{~None~}&gt;" />
		</Unit>
		<Unit filename="src/crypto/crypto_internal-modexp.c">
			<Option compilerVar="CC" />
			<Option target="&lt;{~None~}&gt;" />
		</Unit>
		<Unit filename="src/crypto/crypto_internal-rsa.c">
			<Option compilerVar="CC" />
			<Option target="&lt;{~None~}&gt;" />
		</Unit>
		<Unit filename="src/crypto/crypto_internal.c">
			<Option compilerVar="CC" />
			<Option target="&lt;{~None~}&gt;" />
		</Unit>
		<Unit filename="src/crypto/crypto_libtomcrypt.c">
			<Option compilerVar="CC" />
			<Option target="&lt;{~None~}&gt;" />
		</Unit>
		<Unit filename="src/crypto/crypto_none.c">
			<Option compilerVar="CC" />
			<Option target="&lt;{~None~}&gt;" />
		</Unit>
		<Unit filename="src/crypto/crypto_nss.c">
			<Option compilerVar="CC" />
			<Option target="&lt;{~None~}&gt;" />
		</Unit>
		<Unit filename="src/crypto/crypto_openssl.c">
			<Option compilerVar="CC" />
			<Option target="&lt;{~None~}&gt;" />
		</Unit>
		<Unit filename="src/crypto/des-internal.c">
			<Option compilerVar="CC" />
			<Option target="&lt;{~None~}&gt;" />
		</Unit>
		<Unit filename="src/crypto/des_i.h">
			<Option target="&lt;{~None~}&gt;" />
		</Unit>
		<Unit filename="src/crypto/dh_group5.c">
			<Option compilerVar="CC" />
			<Option target="&lt;{~None~}&gt;" />
		</Unit>
		<Unit filename="src/crypto/dh_group5.h">
			<Option target="&lt;{~None~}&gt;" />
		</Unit>
		<Unit filename="src/crypto/dh_groups.c">
			<Option compilerVar="CC" />
			<Option target="&lt;{~None~}&gt;" />
		</Unit>
		<Unit filename="src/crypto/dh_groups.h">
			<Option target="&lt;{~None~}&gt;" />
		</Unit>
		<Unit filename="src/crypto/fips_prf_cryptoapi.c">
			<Option compilerVar="CC" />
			<Option target="&lt;{~None~}&gt;" />
		</Unit>
		<Unit filename="src/crypto/fips_prf_gnutls.c">
			<Option compilerVar="CC" />
			<Option target="&lt;{~None~}&gt;" />
		</Unit>
		<Unit filename="src/crypto/fips_prf_internal.c">
			<Option compilerVar="CC" />
			<Option target="&lt;{~None~}&gt;" />
		</Unit>
		<Unit filename="src/crypto/fips_prf_nss.c">
			<Option compilerVar="CC" />
			<Option target="&lt;{~None~}&gt;" />
		</Unit>
		<Unit filename="src/crypto/fips_prf_openssl.c">
			<Option compilerVar="CC" />
			<Option target="&lt;{~None~}&gt;" />
		</Unit>
		<Unit filename="src/crypto/md4-internal.c">
			<Option compilerVar="CC" />
			<Option target="&lt;{~None~}&gt;" />
		</Unit>
		<Unit filename="src/crypto/md5-internal.c">
			<Option compilerVar="CC" />
			<Option target="&lt;{~None~}&gt;" />
		</Unit>
		<Unit filename="src/crypto/md5-non-fips.c">
			<Option compilerVar="CC" />
			<Option target="&lt;{~None~}&gt;" />
		</Unit>
		<Unit filename="src/crypto/md5.c">
			<Option compilerVar="CC" />
			<Option target="&lt;{~None~}&gt;" />
		</Unit>
		<Unit filename="src/crypto/md5.h">
			<Option target="&lt;{~None~}&gt;" />
		</Unit>
		<Unit filename="src/crypto/md5_i.h">
			<Option target="&lt;{~None~}&gt;" />
		</Unit>
		<Unit filename="src/crypto/milenage.c">
			<Option compilerVar="CC" />
			<Option target="&lt;{~None~}&gt;" />
		</Unit>
		<Unit filename="src/crypto/milenage.h">
			<Option target="&lt;{~None~}&gt;" />
		</Unit>
		<Unit filename="src/crypto/ms_funcs.c">
			<Option compilerVar="CC" />
			<Option target="&lt;{~None~}&gt;" />
		</Unit>
		<Unit filename="src/crypto/ms_funcs.h">
			<Option target="&lt;{~None~}&gt;" />
		</Unit>
		<Unit filename="src/crypto/rc4.c">
			<Option compilerVar="CC" />
			<Option target="&lt;{~None~}&gt;" />
		</Unit>
		<Unit filename="src/crypto/sha1-internal.c">
			<Option compilerVar="CC" />
			<Option target="&lt;{~None~}&gt;" />
		</Unit>
		<Unit filename="src/crypto/sha1-pbkdf2.c">
			<Option compilerVar="CC" />
			<Option target="&lt;{~None~}&gt;" />
		</Unit>
		<Unit filename="src/crypto/sha1-tlsprf.c">
			<Option compilerVar="CC" />
			<Option target="&lt;{~None~}&gt;" />
		</Unit>
		<Unit filename="src/crypto/sha1-tprf.c">
			<Option compilerVar="CC" />
			<Option target="&lt;{~None~}&gt;" />
		</Unit>
		<Unit filename="src/crypto/sha1.c">
			<Option compilerVar="CC" />
			<Option target="&lt;{~None~}&gt;" />
		</Unit>
		<Unit filename="src/crypto/sha1.h">
			<Option target="&lt;{~None~}&gt;" />
		</Unit>
		<Unit filename="src/crypto/sha1_i.h">
			<Option target="&lt;{~None~}&gt;" />
		</Unit>
		<Unit filename="src/crypto/sha256-internal.c">
			<Option compilerVar="CC" />
			<Option target="&lt;{~None~}&gt;" />
		</Unit>
		<Unit filename="src/crypto/sha256.c">
			<Option compilerVar="CC" />
			<Option target="&lt;{~None~}&gt;" />
		</Unit>
		<Unit filename="src/crypto/sha256.h">
			<Option target="&lt;{~None~}&gt;" />
		</Unit>
		<Unit filename="src/crypto/tls.h">
			<Option target="&lt;{~None~}&gt;" />
		</Unit>
		<Unit filename="src/crypto/tls_gnutls.c">
			<Option compilerVar="CC" />
			<Option target="&lt;{~None~}&gt;" />
		</Unit>
		<Unit filename="src/crypto/tls_internal.c">
			<Option compilerVar="CC" />
			<Option target="&lt;{~None~}&gt;" />
		</Unit>
		<Unit filename="src/crypto/tls_none.c">
			<Option compilerVar="CC" />
			<Option target="&lt;{~None~}&gt;" />
		</Unit>
		<Unit filename="src/crypto/tls_nss.c">
			<Option compilerVar="CC" />
			<Option target="&lt;{~None~}&gt;" />
		</Unit>
		<Unit filename="src/crypto/tls_openssl.c">
			<Option compilerVar="CC" />
			<Option target="&lt;{~None~}&gt;" />
		</Unit>
		<Unit filename="src/crypto/tls_schannel.c">
			<Option compilerVar="CC" />
			<Option target="&lt;{~None~}&gt;" />
		</Unit>
		<Unit filename="src/drivers/Apple80211.h">
			<Option target="&lt;{~None~}&gt;" />
		</Unit>
		<Unit filename="src/drivers/MobileApple80211.c">
			<Option compilerVar="CC" />
			<Option target="&lt;{~None~}&gt;" />
		</Unit>
		<Unit filename="src/drivers/MobileApple80211.h">
			<Option target="&lt;{~None~}&gt;" />
		</Unit>
		<Unit filename="src/drivers/driver.h">
			<Option target="&lt;{~None~}&gt;" />
		</Unit>
		<Unit filename="src/drivers/driver_atheros.c">
			<Option compilerVar="CC" />
			<Option target="&lt;{~None~}&gt;" />
		</Unit>
		<Unit filename="src/drivers/driver_atmel.c">
			<Option compilerVar="CC" />
			<Option target="&lt;{~None~}&gt;" />
		</Unit>
		<Unit filename="src/drivers/driver_broadcom.c">
			<Option compilerVar="CC" />
			<Option target="&lt;{~None~}&gt;" />
		</Unit>
		<Unit filename="src/drivers/driver_bsd.c">
			<Option compilerVar="CC" />
			<Option target="&lt;{~None~}&gt;" />
		</Unit>
		<Unit filename="src/drivers/driver_hostap.c">
			<Option compilerVar="CC" />
			<Option target="&lt;{~None~}&gt;" />
		</Unit>
		<Unit filename="src/drivers/driver_hostap.h">
			<Option target="&lt;{~None~}&gt;" />
		</Unit>
		<Unit filename="src/drivers/driver_ipw.c">
			<Option compilerVar="CC" />
			<Option target="&lt;{~None~}&gt;" />
		</Unit>
		<Unit filename="src/drivers/driver_madwifi.c">
			<Option compilerVar="CC" />
			<Option target="&lt;{~None~}&gt;" />
		</Unit>
		<Unit filename="src/drivers/driver_ndis.c">
			<Option compilerVar="CC" />
			<Option target="&lt;{~None~}&gt;" />
		</Unit>
		<Unit filename="src/drivers/driver_ndis.h">
			<Option target="&lt;{~None~}&gt;" />
		</Unit>
		<Unit filename="src/drivers/driver_ndis_.c">
			<Option compilerVar="CC" />
			<Option target="&lt;{~None~}&gt;" />
		</Unit>
		<Unit filename="src/drivers/driver_ndiswrapper.c">
			<Option compilerVar="CC" />
			<Option target="&lt;{~None~}&gt;" />
		</Unit>
		<Unit filename="src/drivers/driver_nl80211.c">
			<Option compilerVar="CC" />
			<Option target="&lt;{~None~}&gt;" />
		</Unit>
		<Unit filename="src/drivers/driver_none.c">
			<Option compilerVar="CC" />
			<Option target="&lt;{~None~}&gt;" />
		</Unit>
		<Unit filename="src/drivers/driver_privsep.c">
			<Option compilerVar="CC" />
			<Option target="&lt;{~None~}&gt;" />
		</Unit>
		<Unit filename="src/drivers/driver_ralink.c">
			<Option compilerVar="CC" />
			<Option target="&lt;{~None~}&gt;" />
		</Unit>
		<Unit filename="src/drivers/driver_ralink.h">
			<Option target="&lt;{~None~}&gt;" />
		</Unit>
		<Unit filename="src/drivers/driver_roboswitch.c">
			<Option compilerVar="CC" />
			<Option target="&lt;{~None~}&gt;" />
		</Unit>
		<Unit filename="src/drivers/driver_test.c">
			<Option compilerVar="CC" />
			<Option target="&lt;{~None~}&gt;" />
		</Unit>
		<Unit filename="src/drivers/driver_wext.c">
			<Option compilerVar="CC" />
			<Option target="&lt;{~None~}&gt;" />
		</Unit>
		<Unit filename="src/drivers/driver_wext.h">
			<Option target="&lt;{~None~}&gt;" />
		</Unit>
		<Unit filename="src/drivers/driver_wired.c">
			<Option compilerVar="CC" />
			<Option target="&lt;{~None~}&gt;" />
		</Unit>
		<Unit filename="src/drivers/drivers.c">
			<Option compilerVar="CC" />
			<Option target="&lt;{~None~}&gt;" />
		</Unit>
		<Unit filename="src/drivers/linux_ioctl.c">
			<Option compilerVar="CC" />
			<Option target="&lt;{~None~}&gt;" />
		</Unit>
		<Unit filename="src/drivers/linux_ioctl.h">
			<Option target="&lt;{~None~}&gt;" />
		</Unit>
		<Unit filename="src/drivers/ndis_events.c">
			<Option compilerVar="CC" />
			<Option target="&lt;{~None~}&gt;" />
		</Unit>
		<Unit filename="src/drivers/netlink.c">
			<Option compilerVar="CC" />
			<Option target="&lt;{~None~}&gt;" />
		</Unit>
		<Unit filename="src/drivers/netlink.h">
			<Option target="&lt;{~None~}&gt;" />
		</Unit>
		<Unit filename="src/drivers/nl80211_copy.h">
			<Option target="&lt;{~None~}&gt;" />
		</Unit>
		<Unit filename="src/drivers/priv_netlink.h">
			<Option target="&lt;{~None~}&gt;" />
		</Unit>
		<Unit filename="src/drivers/wireless_copy.h">
			<Option target="&lt;{~None~}&gt;" />
		</Unit>
		<Unit filename="src/eap_common/chap.c">
			<Option compilerVar="CC" />
			<Option target="&lt;{~None~}&gt;" />
		</Unit>
		<Unit filename="src/eap_common/chap.h">
			<Option target="&lt;{~None~}&gt;" />
		</Unit>
		<Unit filename="src/eap_common/eap_common.c">
			<Option compilerVar="CC" />
			<Option target="&lt;{~None~}&gt;" />
		</Unit>
		<Unit filename="src/eap_common/eap_common.h">
			<Option target="&lt;{~None~}&gt;" />
		</Unit>
		<Unit filename="src/eap_common/eap_defs.h">
			<Option target="&lt;{~None~}&gt;" />
		</Unit>
		<Unit filename="src/eap_common/eap_fast_common.c">
			<Option compilerVar="CC" />
			<Option target="&lt;{~None~}&gt;" />
		</Unit>
		<Unit filename="src/eap_common/eap_fast_common.h">
			<Option target="&lt;{~None~}&gt;" />
		</Unit>
		<Unit filename="src/eap_common/eap_gpsk_common.c">
			<Option compilerVar="CC" />
			<Option target="&lt;{~None~}&gt;" />
		</Unit>
		<Unit filename="src/eap_common/eap_gpsk_common.h">
			<Option target="&lt;{~None~}&gt;" />
		</Unit>
		<Unit filename="src/eap_common/eap_ikev2_common.c">
			<Option compilerVar="CC" />
			<Option target="&lt;{~None~}&gt;" />
		</Unit>
		<Unit filename="src/eap_common/eap_ikev2_common.h">
			<Option target="&lt;{~None~}&gt;" />
		</Unit>
		<Unit filename="src/eap_common/eap_pax_common.c">
			<Option compilerVar="CC" />
			<Option target="&lt;{~None~}&gt;" />
		</Unit>
		<Unit filename="src/eap_common/eap_pax_common.h">
			<Option target="&lt;{~None~}&gt;" />
		</Unit>
		<Unit filename="src/eap_common/eap_peap_common.c">
			<Option compilerVar="CC" />
			<Option target="&lt;{~None~}&gt;" />
		</Unit>
		<Unit filename="src/eap_common/eap_peap_common.h">
			<Option target="&lt;{~None~}&gt;" />
		</Unit>
		<Unit filename="src/eap_common/eap_psk_common.c">
			<Option compilerVar="CC" />
			<Option target="&lt;{~None~}&gt;" />
		</Unit>
		<Unit filename="src/eap_common/eap_psk_common.h">
			<Option target="&lt;{~None~}&gt;" />
		</Unit>
		<Unit filename="src/eap_common/eap_sake_common.c">
			<Option compilerVar="CC" />
			<Option target="&lt;{~None~}&gt;" />
		</Unit>
		<Unit filename="src/eap_common/eap_sake_common.h">
			<Option target="&lt;{~None~}&gt;" />
		</Unit>
		<Unit filename="src/eap_common/eap_sim_common.c">
			<Option compilerVar="CC" />
			<Option target="&lt;{~None~}&gt;" />
		</Unit>
		<Unit filename="src/eap_common/eap_sim_common.h">
			<Option target="&lt;{~None~}&gt;" />
		</Unit>
		<Unit filename="src/eap_common/eap_tlv_common.h">
			<Option target="&lt;{~None~}&gt;" />
		</Unit>
		<Unit filename="src/eap_common/eap_ttls.h">
			<Option target="&lt;{~None~}&gt;" />
		</Unit>
		<Unit filename="src/eap_common/eap_wsc_common.c">
			<Option compilerVar="CC" />
			<Option target="&lt;{~None~}&gt;" />
		</Unit>
		<Unit filename="src/eap_common/eap_wsc_common.h">
			<Option target="&lt;{~None~}&gt;" />
		</Unit>
		<Unit filename="src/eap_common/ikev2_common.c">
			<Option compilerVar="CC" />
			<Option target="&lt;{~None~}&gt;" />
		</Unit>
		<Unit filename="src/eap_common/ikev2_common.h">
			<Option target="&lt;{~None~}&gt;" />
		</Unit>
		<Unit filename="src/eap_peer/eap.c">
			<Option compilerVar="CC" />
			<Option target="&lt;{~None~}&gt;" />
		</Unit>
		<Unit filename="src/eap_peer/eap.h">
			<Option target="&lt;{~None~}&gt;" />
		</Unit>
		<Unit filename="src/eap_peer/eap_aka.c">
			<Option compilerVar="CC" />
			<Option target="&lt;{~None~}&gt;" />
		</Unit>
		<Unit filename="src/eap_peer/eap_config.h">
			<Option target="&lt;{~None~}&gt;" />
		</Unit>
		<Unit filename="src/eap_peer/eap_fast.c">
			<Option compilerVar="CC" />
			<Option target="&lt;{~None~}&gt;" />
		</Unit>
		<Unit filename="src/eap_peer/eap_fast_pac.c">
			<Option compilerVar="CC" />
			<Option target="&lt;{~None~}&gt;" />
		</Unit>
		<Unit filename="src/eap_peer/eap_fast_pac.h">
			<Option target="&lt;{~None~}&gt;" />
		</Unit>
		<Unit filename="src/eap_peer/eap_gpsk.c">
			<Option compilerVar="CC" />
			<Option target="&lt;{~None~}&gt;" />
		</Unit>
		<Unit filename="src/eap_peer/eap_gtc.c">
			<Option compilerVar="CC" />
			<Option target="&lt;{~None~}&gt;" />
		</Unit>
		<Unit filename="src/eap_peer/eap_i.h">
			<Option target="&lt;{~None~}&gt;" />
		</Unit>
		<Unit filename="src/eap_peer/eap_ikev2.c">
			<Option compilerVar="CC" />
			<Option target="&lt;{~None~}&gt;" />
		</Unit>
		<Unit filename="src/eap_peer/eap_leap.c">
			<Option compilerVar="CC" />
			<Option target="&lt;{~None~}&gt;" />
		</Unit>
		<Unit filename="src/eap_peer/eap_md5.c">
			<Option compilerVar="CC" />
			<Option target="&lt;{~None~}&gt;" />
		</Unit>
		<Unit filename="src/eap_peer/eap_methods.c">
			<Option compilerVar="CC" />
			<Option target="&lt;{~None~}&gt;" />
		</Unit>
		<Unit filename="src/eap_peer/eap_methods.h">
			<Option target="&lt;{~None~}&gt;" />
		</Unit>
		<Unit filename="src/eap_peer/eap_mschapv2.c">
			<Option compilerVar="CC" />
			<Option target="&lt;{~None~}&gt;" />
		</Unit>
		<Unit filename="src/eap_peer/eap_otp.c">
			<Option compilerVar="CC" />
			<Option target="&lt;{~None~}&gt;" />
		</Unit>
		<Unit filename="src/eap_peer/eap_pax.c">
			<Option compilerVar="CC" />
			<Option target="&lt;{~None~}&gt;" />
		</Unit>
		<Unit filename="src/eap_peer/eap_peap.c">
			<Option compilerVar="CC" />
			<Option target="&lt;{~None~}&gt;" />
		</Unit>
		<Unit filename="src/eap_peer/eap_psk.c">
			<Option compilerVar="CC" />
			<Option target="&lt;{~None~}&gt;" />
		</Unit>
		<Unit filename="src/eap_peer/eap_sake.c">
			<Option compilerVar="CC" />
			<Option target="&lt;{~None~}&gt;" />
		</Unit>
		<Unit filename="src/eap_peer/eap_sim.c">
			<Option compilerVar="CC" />
			<Option target="&lt;{~None~}&gt;" />
		</Unit>
		<Unit filename="src/eap_peer/eap_tls.c">
			<Option compilerVar="CC" />
			<Option target="&lt;{~None~}&gt;" />
		</Unit>
		<Unit filename="src/eap_peer/eap_tls_common.c">
			<Option compilerVar="CC" />
			<Option target="&lt;{~None~}&gt;" />
		</Unit>
		<Unit filename="src/eap_peer/eap_tls_common.h">
			<Option target="&lt;{~None~}&gt;" />
		</Unit>
		<Unit filename="src/eap_peer/eap_tnc.c">
			<Option compilerVar="CC" />
			<Option target="&lt;{~None~}&gt;" />
		</Unit>
		<Unit filename="src/eap_peer/eap_ttls.c">
			<Option compilerVar="CC" />
			<Option target="&lt;{~None~}&gt;" />
		</Unit>
		<Unit filename="src/eap_peer/eap_vendor_test.c">
			<Option compilerVar="CC" />
			<Option target="&lt;{~None~}&gt;" />
		</Unit>
		<Unit filename="src/eap_peer/eap_wsc.c">
			<Option compilerVar="CC" />
			<Option target="&lt;{~None~}&gt;" />
		</Unit>
		<Unit filename="src/eap_peer/ikev2.c">
			<Option compilerVar="CC" />
			<Option target="&lt;{~None~}&gt;" />
		</Unit>
		<Unit filename="src/eap_peer/ikev2.h">
			<Option target="&lt;{~None~}&gt;" />
		</Unit>
		<Unit filename="src/eap_peer/mschapv2.c">
			<Option compilerVar="CC" />
			<Option target="&lt;{~None~}&gt;" />
		</Unit>
		<Unit filename="src/eap_peer/mschapv2.h">
			<Option target="&lt;{~None~}&gt;" />
		</Unit>
		<Unit filename="src/eap_peer/tncc.c">
			<Option compilerVar="CC" />
			<Option target="&lt;{~None~}&gt;" />
		</Unit>
		<Unit filename="src/eap_peer/tncc.h">
			<Option target="&lt;{~None~}&gt;" />
		</Unit>
		<Unit filename="src/eap_server/eap.h">
			<Option target="&lt;{~None~}&gt;" />
		</Unit>
		<Unit filename="src/eap_server/eap_i.h">
			<Option target="&lt;{~None~}&gt;" />
		</Unit>
		<Unit filename="src/eap_server/eap_methods.h">
			<Option target="&lt;{~None~}&gt;" />
		</Unit>
		<Unit filename="src/eap_server/eap_server.c">
			<Option compilerVar="CC" />
			<Option target="&lt;{~None~}&gt;" />
		</Unit>
		<Unit filename="src/eap_server/eap_server_aka.c">
			<Option compilerVar="CC" />
			<Option target="&lt;{~None~}&gt;" />
		</Unit>
		<Unit filename="src/eap_server/eap_server_fast.c">
			<Option compilerVar="CC" />
			<Option target="&lt;{~None~}&gt;" />
		</Unit>
		<Unit filename="src/eap_server/eap_server_gpsk.c">
			<Option compilerVar="CC" />
			<Option target="&lt;{~None~}&gt;" />
		</Unit>
		<Unit filename="src/eap_server/eap_server_gtc.c">
			<Option compilerVar="CC" />
			<Option target="&lt;{~None~}&gt;" />
		</Unit>
		<Unit filename="src/eap_server/eap_server_identity.c">
			<Option compilerVar="CC" />
			<Option target="&lt;{~None~}&gt;" />
		</Unit>
		<Unit filename="src/eap_server/eap_server_ikev2.c">
			<Option compilerVar="CC" />
			<Option target="&lt;{~None~}&gt;" />
		</Unit>
		<Unit filename="src/eap_server/eap_server_md5.c">
			<Option compilerVar="CC" />
			<Option target="&lt;{~None~}&gt;" />
		</Unit>
		<Unit filename="src/eap_server/eap_server_methods.c">
			<Option compilerVar="CC" />
			<Option target="&lt;{~None~}&gt;" />
		</Unit>
		<Unit filename="src/eap_server/eap_server_mschapv2.c">
			<Option compilerVar="CC" />
			<Option target="&lt;{~None~}&gt;" />
		</Unit>
		<Unit filename="src/eap_server/eap_server_pax.c">
			<Option compilerVar="CC" />
			<Option target="&lt;{~None~}&gt;" />
		</Unit>
		<Unit filename="src/eap_server/eap_server_peap.c">
			<Option compilerVar="CC" />
			<Option target="&lt;{~None~}&gt;" />
		</Unit>
		<Unit filename="src/eap_server/eap_server_psk.c">
			<Option compilerVar="CC" />
			<Option target="&lt;{~None~}&gt;" />
		</Unit>
		<Unit filename="src/eap_server/eap_server_sake.c">
			<Option compilerVar="CC" />
			<Option target="&lt;{~None~}&gt;" />
		</Unit>
		<Unit filename="src/eap_server/eap_server_sim.c">
			<Option compilerVar="CC" />
			<Option target="&lt;{~None~}&gt;" />
		</Unit>
		<Unit filename="src/eap_server/eap_server_tls.c">
			<Option compilerVar="CC" />
			<Option target="&lt;{~None~}&gt;" />
		</Unit>
		<Unit filename="src/eap_server/eap_server_tls_common.c">
			<Option compilerVar="CC" />
			<Option target="&lt;{~None~}&gt;" />
		</Unit>
		<Unit filename="src/eap_server/eap_server_tnc.c">
			<Option compilerVar="CC" />
			<Option target="&lt;{~None~}&gt;" />
		</Unit>
		<Unit filename="src/eap_server/eap_server_ttls.c">
			<Option compilerVar="CC" />
			<Option target="&lt;{~None~}&gt;" />
		</Unit>
		<Unit filename="src/eap_server/eap_server_vendor_test.c">
			<Option compilerVar="CC" />
			<Option target="&lt;{~None~}&gt;" />
		</Unit>
		<Unit filename="src/eap_server/eap_server_wsc.c">
			<Option compilerVar="CC" />
			<Option target="&lt;{~None~}&gt;" />
		</Unit>
		<Unit filename="src/eap_server/eap_sim_db.c">
			<Option compilerVar="CC" />
			<Option target="&lt;{~None~}&gt;" />
		</Unit>
		<Unit filename="src/eap_server/eap_sim_db.h">
			<Option target="&lt;{~None~}&gt;" />
		</Unit>
		<Unit filename="src/eap_server/eap_tls_common.h">
			<Option target="&lt;{~None~}&gt;" />
		</Unit>
		<Unit filename="src/eap_server/ikev2.c">
			<Option compilerVar="CC" />
			<Option target="&lt;{~None~}&gt;" />
		</Unit>
		<Unit filename="src/eap_server/ikev2.h">
			<Option target="&lt;{~None~}&gt;" />
		</Unit>
		<Unit filename="src/eap_server/tncs.c">
			<Option compilerVar="CC" />
			<Option target="&lt;{~None~}&gt;" />
		</Unit>
		<Unit filename="src/eap_server/tncs.h">
			<Option target="&lt;{~None~}&gt;" />
		</Unit>
		<Unit filename="src/eapol_auth/eapol_auth_dump.c">
			<Option compilerVar="CC" />
			<Option target="&lt;{~None~}&gt;" />
		</Unit>
		<Unit filename="src/eapol_auth/eapol_auth_sm.c">
			<Option compilerVar="CC" />
			<Option target="&lt;{~None~}&gt;" />
		</Unit>
		<Unit filename="src/eapol_auth/eapol_auth_sm.h">
			<Option target="&lt;{~None~}&gt;" />
		</Unit>
		<Unit filename="src/eapol_auth/eapol_auth_sm_i.h">
			<Option target="&lt;{~None~}&gt;" />
		</Unit>
		<Unit filename="src/eapol_supp/eapol_supp_sm.c">
			<Option compilerVar="CC" />
			<Option target="&lt;{~None~}&gt;" />
		</Unit>
		<Unit filename="src/eapol_supp/eapol_supp_sm.h">
			<Option target="&lt;{~None~}&gt;" />
		</Unit>
		<Unit filename="src/l2_packet/l2_packet.h">
			<Option target="&lt;{~None~}&gt;" />
		</Unit>
		<Unit filename="src/l2_packet/l2_packet_freebsd.c">
			<Option compilerVar="CC" />
			<Option target="&lt;{~None~}&gt;" />
		</Unit>
		<Unit filename="src/l2_packet/l2_packet_linux.c">
			<Option compilerVar="CC" />
			<Option target="&lt;{~None~}&gt;" />
		</Unit>
		<Unit filename="src/l2_packet/l2_packet_ndis.c">
			<Option compilerVar="CC" />
			<Option target="&lt;{~None~}&gt;" />
		</Unit>
		<Unit filename="src/l2_packet/l2_packet_none.c">
			<Option compilerVar="CC" />
			<Option target="&lt;{~None~}&gt;" />
		</Unit>
		<Unit filename="src/l2_packet/l2_packet_pcap.c">
			<Option compilerVar="CC" />
			<Option target="&lt;{~None~}&gt;" />
		</Unit>
		<Unit filename="src/l2_packet/l2_packet_privsep.c">
			<Option compilerVar="CC" />
			<Option target="&lt;{~None~}&gt;" />
		</Unit>
		<Unit filename="src/l2_packet/l2_packet_winpcap.c">
			<Option compilerVar="CC" />
			<Option target="&lt;{~None~}&gt;" />
		</Unit>
		<Unit filename="src/radius/radius.c">
			<Option compilerVar="CC" />
			<Option target="&lt;{~None~}&gt;" />
		</Unit>
		<Unit filename="src/radius/radius.h">
			<Option target="&lt;{~None~}&gt;" />
		</Unit>
		<Unit filename="src/radius/radius_client.c">
			<Option compilerVar="CC" />
			<Option target="&lt;{~None~}&gt;" />
		</Unit>
		<Unit filename="src/radius/radius_client.h">
			<Option target="&lt;{~None~}&gt;" />
		</Unit>
		<Unit filename="src/radius/radius_server.c">
			<Option compilerVar="CC" />
			<Option target="&lt;{~None~}&gt;" />
		</Unit>
		<Unit filename="src/radius/radius_server.h">
			<Option target="&lt;{~None~}&gt;" />
		</Unit>
		<Unit filename="src/rsn_supp/peerkey.c">
			<Option compilerVar="CC" />
			<Option target="&lt;{~None~}&gt;" />
		</Unit>
		<Unit filename="src/rsn_supp/peerkey.h">
			<Option target="&lt;{~None~}&gt;" />
		</Unit>
		<Unit filename="src/rsn_supp/pmksa_cache.c">
			<Option compilerVar="CC" />
			<Option target="&lt;{~None~}&gt;" />
		</Unit>
		<Unit filename="src/rsn_supp/pmksa_cache.h">
			<Option target="&lt;{~None~}&gt;" />
		</Unit>
		<Unit filename="src/rsn_supp/preauth.c">
			<Option compilerVar="CC" />
			<Option target="&lt;{~None~}&gt;" />
		</Unit>
		<Unit filename="src/rsn_supp/preauth.h">
			<Option target="&lt;{~None~}&gt;" />
		</Unit>
		<Unit filename="src/rsn_supp/wpa.c">
			<Option compilerVar="CC" />
			<Option target="&lt;{~None~}&gt;" />
		</Unit>
		<Unit filename="src/rsn_supp/wpa.h">
			<Option target="&lt;{~None~}&gt;" />
		</Unit>
		<Unit filename="src/rsn_supp/wpa_ft.c">
			<Option compilerVar="CC" />
			<Option target="&lt;{~None~}&gt;" />
		</Unit>
		<Unit filename="src/rsn_supp/wpa_i.h">
			<Option target="&lt;{~None~}&gt;" />
		</Unit>
		<Unit filename="src/rsn_supp/wpa_ie.c">
			<Option compilerVar="CC" />
			<Option target="&lt;{~None~}&gt;" />
		</Unit>
		<Unit filename="src/rsn_supp/wpa_ie.h">
			<Option target="&lt;{~None~}&gt;" />
		</Unit>
		<Unit filename="src/tls/asn1.c">
			<Option compilerVar="CC" />
			<Option target="&lt;{~None~}&gt;" />
		</Unit>
		<Unit filename="src/tls/asn1.h">
			<Option target="&lt;{~None~}&gt;" />
		</Unit>
		<Unit filename="src/tls/bignum.c">
			<Option compilerVar="CC" />
			<Option target="&lt;{~None~}&gt;" />
		</Unit>
		<Unit filename="src/tls/bignum.h">
			<Option target="&lt;{~None~}&gt;" />
		</Unit>
		<Unit filename="src/tls/libtommath.c">
			<Option compilerVar="CC" />
			<Option target="&lt;{~None~}&gt;" />
		</Unit>
		<Unit filename="src/tls/pkcs1.c">
			<Option compilerVar="CC" />
			<Option target="&lt;{~None~}&gt;" />
		</Unit>
		<Unit filename="src/tls/pkcs1.h">
			<Option target="&lt;{~None~}&gt;" />
		</Unit>
		<Unit filename="src/tls/pkcs5.c">
			<Option compilerVar="CC" />
			<Option target="&lt;{~None~}&gt;" />
		</Unit>
		<Unit filename="src/tls/pkcs5.h">
			<Option target="&lt;{~None~}&gt;" />
		</Unit>
		<Unit filename="src/tls/pkcs8.c">
			<Option compilerVar="CC" />
			<Option target="&lt;{~None~}&gt;" />
		</Unit>
		<Unit filename="src/tls/pkcs8.h">
			<Option target="&lt;{~None~}&gt;" />
		</Unit>
		<Unit filename="src/tls/rsa.c">
			<Option compilerVar="CC" />
			<Option target="&lt;{~None~}&gt;" />
		</Unit>
		<Unit filename="src/tls/rsa.h">
			<Option target="&lt;{~None~}&gt;" />
		</Unit>
		<Unit filename="src/tls/tlsv1_client.c">
			<Option compilerVar="CC" />
			<Option target="&lt;{~None~}&gt;" />
		</Unit>
		<Unit filename="src/tls/tlsv1_client.h">
			<Option target="&lt;{~None~}&gt;" />
		</Unit>
		<Unit filename="src/tls/tlsv1_client_i.h">
			<Option target="&lt;{~None~}&gt;" />
		</Unit>
		<Unit filename="src/tls/tlsv1_client_read.c">
			<Option compilerVar="CC" />
			<Option target="&lt;{~None~}&gt;" />
		</Unit>
		<Unit filename="src/tls/tlsv1_client_write.c">
			<Option compilerVar="CC" />
			<Option target="&lt;{~None~}&gt;" />
		</Unit>
		<Unit filename="src/tls/tlsv1_common.c">
			<Option compilerVar="CC" />
			<Option target="&lt;{~None~}&gt;" />
		</Unit>
		<Unit filename="src/tls/tlsv1_common.h">
			<Option target="&lt;{~None~}&gt;" />
		</Unit>
		<Unit filename="src/tls/tlsv1_cred.c">
			<Option compilerVar="CC" />
			<Option target="&lt;{~None~}&gt;" />
		</Unit>
		<Unit filename="src/tls/tlsv1_cred.h">
			<Option target="&lt;{~None~}&gt;" />
		</Unit>
		<Unit filename="src/tls/tlsv1_record.c">
			<Option compilerVar="CC" />
			<Option target="&lt;{~None~}&gt;" />
		</Unit>
		<Unit filename="src/tls/tlsv1_record.h">
			<Option target="&lt;{~None~}&gt;" />
		</Unit>
		<Unit filename="src/tls/tlsv1_server.c">
			<Option compilerVar="CC" />
			<Option target="&lt;{~None~}&gt;" />
		</Unit>
		<Unit filename="src/tls/tlsv1_server.h">
			<Option target="&lt;{~None~}&gt;" />
		</Unit>
		<Unit filename="src/tls/tlsv1_server_i.h">
			<Option target="&lt;{~None~}&gt;" />
		</Unit>
		<Unit filename="src/tls/tlsv1_server_read.c">
			<Option compilerVar="CC" />
			<Option target="&lt;{~None~}&gt;" />
		</Unit>
		<Unit filename="src/tls/tlsv1_server_write.c">
			<Option compilerVar="CC" />
			<Option target="&lt;{~None~}&gt;" />
		</Unit>
		<Unit filename="src/tls/x509v3.c">
			<Option compilerVar="CC" />
			<Option target="&lt;{~None~}&gt;" />
		</Unit>
		<Unit filename="src/tls/x509v3.h">
			<Option target="&lt;{~None~}&gt;" />
		</Unit>
		<Unit filename="src/utils/base64.c">
			<Option compilerVar="CC" />
			<Option target="&lt;{~None~}&gt;" />
		</Unit>
		<Unit filename="src/utils/base64.h">
			<Option target="&lt;{~None~}&gt;" />
		</Unit>
		<Unit filename="src/utils/build_config.h">
			<Option target="&lt;{~None~}&gt;" />
		</Unit>
		<Unit filename="src/utils/common.c">
			<Option compilerVar="CC" />
			<Option target="&lt;{~None~}&gt;" />
		</Unit>
		<Unit filename="src/utils/common.h">
			<Option target="&lt;{~None~}&gt;" />
		</Unit>
		<Unit filename="src/utils/eloop.c">
			<Option compilerVar="CC" />
			<Option target="&lt;{~None~}&gt;" />
		</Unit>
		<Unit filename="src/utils/eloop.h">
			<Option target="&lt;{~None~}&gt;" />
		</Unit>
		<Unit filename="src/utils/eloop_none.c">
			<Option compilerVar="CC" />
			<Option target="&lt;{~None~}&gt;" />
		</Unit>
		<Unit filename="src/utils/eloop_win.c">
			<Option compilerVar="CC" />
			<Option target="&lt;{~None~}&gt;" />
		</Unit>
		<Unit filename="src/utils/includes.h">
			<Option target="&lt;{~None~}&gt;" />
		</Unit>
		<Unit filename="src/utils/ip_addr.c">
			<Option compilerVar="CC" />
			<Option target="&lt;{~None~}&gt;" />
		</Unit>
		<Unit filename="src/utils/ip_addr.h">
			<Option target="&lt;{~None~}&gt;" />
		</Unit>
		<Unit filename="src/utils/list.h">
			<Option target="&lt;{~None~}&gt;" />
		</Unit>
		<Unit filename="src/utils/os.h">
			<Option target="&lt;{~None~}&gt;" />
		</Unit>
		<Unit filename="src/utils/os_internal.c">
			<Option compilerVar="CC" />
			<Option target="&lt;{~None~}&gt;" />
		</Unit>
		<Unit filename="src/utils/os_none.c">
			<Option compilerVar="CC" />
			<Option target="&lt;{~None~}&gt;" />
		</Unit>
		<Unit filename="src/utils/os_unix.c">
			<Option compilerVar="CC" />
			<Option target="&lt;{~None~}&gt;" />
		</Unit>
		<Unit filename="src/utils/os_win32.c">
			<Option compilerVar="CC" />
			<Option target="&lt;{~None~}&gt;" />
		</Unit>
		<Unit filename="src/utils/pcsc_funcs.c">
			<Option compilerVar="CC" />
			<Option target="&lt;{~None~}&gt;" />
		</Unit>
		<Unit filename="src/utils/pcsc_funcs.h">
			<Option target="&lt;{~None~}&gt;" />
		</Unit>
		<Unit filename="src/utils/radiotap.c">
			<Option compilerVar="CC" />
			<Option target="&lt;{~None~}&gt;" />
		</Unit>
		<Unit filename="src/utils/radiotap.h">
			<Option target="&lt;{~None~}&gt;" />
		</Unit>
		<Unit filename="src/utils/radiotap_iter.h">
			<Option target="&lt;{~None~}&gt;" />
		</Unit>
		<Unit filename="src/utils/state_machine.h">
			<Option target="&lt;{~None~}&gt;" />
		</Unit>
		<Unit filename="src/utils/trace.c">
			<Option compilerVar="CC" />
			<Option target="&lt;{~None~}&gt;" />
		</Unit>
		<Unit filename="src/utils/trace.h">
			<Option target="&lt;{~None~}&gt;" />
		</Unit>
		<Unit filename="src/utils/uuid.c">
			<Option compilerVar="CC" />
			<Option target="&lt;{~None~}&gt;" />
		</Unit>
		<Unit filename="src/utils/uuid.h">
			<Option target="&lt;{~None~}&gt;" />
		</Unit>
		<Unit filename="src/utils/wpa_debug.c">
			<Option compilerVar="CC" />
			<Option target="&lt;{~None~}&gt;" />
		</Unit>
		<Unit filename="src/utils/wpa_debug.h">
			<Option target="&lt;{~None~}&gt;" />
		</Unit>
		<Unit filename="src/utils/wpabuf.c">
			<Option compilerVar="CC" />
			<Option target="&lt;{~None~}&gt;" />
		</Unit>
		<Unit filename="src/utils/wpabuf.h">
			<Option target="&lt;{~None~}&gt;" />
		</Unit>
		<Unit filename="src/wps/http.h">
			<Option target="&lt;{~None~}&gt;" />
		</Unit>
		<Unit filename="src/wps/http_client.c">
			<Option compilerVar="CC" />
			<Option target="&lt;{~None~}&gt;" />
		</Unit>
		<Unit filename="src/wps/http_client.h">
			<Option target="&lt;{~None~}&gt;" />
		</Unit>
		<Unit filename="src/wps/http_server.c">
			<Option compilerVar="CC" />
			<Option target="&lt;{~None~}&gt;" />
		</Unit>
		<Unit filename="src/wps/http_server.h">
			<Option target="&lt;{~None~}&gt;" />
		</Unit>
		<Unit filename="src/wps/httpread.c">
			<Option compilerVar="CC" />
			<Option target="&lt;{~None~}&gt;" />
		</Unit>
		<Unit filename="src/wps/httpread.h">
			<Option target="&lt;{~None~}&gt;" />
		</Unit>
		<Unit filename="src/wps/ndef.c">
			<Option compilerVar="CC" />
			<Option target="&lt;{~None~}&gt;" />
		</Unit>
		<Unit filename="src/wps/upnp_xml.c">
			<Option compilerVar="CC" />
			<Option target="&lt;{~None~}&gt;" />
		</Unit>
		<Unit filename="src/wps/upnp_xml.h">
			<Option target="&lt;{~None~}&gt;" />
		</Unit>
		<Unit filename="src/wps/wps.c">
			<Option compilerVar="CC" />
			<Option target="&lt;{~None~}&gt;" />
		</Unit>
		<Unit filename="src/wps/wps.h">
			<Option target="&lt;{~None~}&gt;" />
		</Unit>
		<Unit filename="src/wps/wps_attr_build.c">
			<Option compilerVar="CC" />
			<Option target="&lt;{~None~}&gt;" />
		</Unit>
		<Unit filename="src/wps/wps_attr_parse.c">
			<Option compilerVar="CC" />
			<Option target="&lt;{~None~}&gt;" />
		</Unit>
		<Unit filename="src/wps/wps_attr_process.c">
			<Option compilerVar="CC" />
			<Option target="&lt;{~None~}&gt;" />
		</Unit>
		<Unit filename="src/wps/wps_common.c">
			<Option compilerVar="CC" />
			<Option target="&lt;{~None~}&gt;" />
		</Unit>
		<Unit filename="src/wps/wps_defs.h">
			<Option target="&lt;{~None~}&gt;" />
		</Unit>
		<Unit filename="src/wps/wps_dev_attr.c">
			<Option compilerVar="CC" />
			<Option target="&lt;{~None~}&gt;" />
		</Unit>
		<Unit filename="src/wps/wps_dev_attr.h">
			<Option target="&lt;{~None~}&gt;" />
		</Unit>
		<Unit filename="src/wps/wps_enrollee.c">
			<Option compilerVar="CC" />
			<Option target="&lt;{~None~}&gt;" />
		</Unit>
		<Unit filename="src/wps/wps_er.c">
			<Option compilerVar="CC" />
			<Option target="&lt;{~None~}&gt;" />
		</Unit>
		<Unit filename="src/wps/wps_er.h">
			<Option target="&lt;{~None~}&gt;" />
		</Unit>
		<Unit filename="src/wps/wps_er_ssdp.c">
			<Option compilerVar="CC" />
			<Option target="&lt;{~None~}&gt;" />
		</Unit>
		<Unit filename="src/wps/wps_i.h">
			<Option target="&lt;{~None~}&gt;" />
		</Unit>
		<Unit filename="src/wps/wps_nfc.c">
			<Option compilerVar="CC" />
			<Option target="&lt;{~None~}&gt;" />
		</Unit>
		<Unit filename="src/wps/wps_nfc_pn531.c">
			<Option compilerVar="CC" />
			<Option target="&lt;{~None~}&gt;" />
		</Unit>
		<Unit filename="src/wps/wps_registrar.c">
			<Option compilerVar="CC" />
			<Option target="&lt;{~None~}&gt;" />
		</Unit>
		<Unit filename="src/wps/wps_ufd.c">
			<Option compilerVar="CC" />
			<Option target="&lt;{~None~}&gt;" />
		</Unit>
		<Unit filename="src/wps/wps_upnp.c">
			<Option compilerVar="CC" />
			<Option target="&lt;{~None~}&gt;" />
		</Unit>
		<Unit filename="src/wps/wps_upnp.h">
			<Option target="&lt;{~None~}&gt;" />
		</Unit>
		<Unit filename="src/wps/wps_upnp_ap.c">
			<Option compilerVar="CC" />
			<Option target="&lt;{~None~}&gt;" />
		</Unit>
		<Unit filename="src/wps/wps_upnp_event.c">
			<Option compilerVar="CC" />
			<Option target="&lt;{~None~}&gt;" />
		</Unit>
		<Unit filename="src/wps/wps_upnp_i.h">
			<Option target="&lt;{~None~}&gt;" />
		</Unit>
		<Unit filename="src/wps/wps_upnp_ssdp.c">
			<Option compilerVar="CC" />
			<Option target="&lt;{~None~}&gt;" />
		</Unit>
		<Unit filename="src/wps/wps_upnp_web.c">
			<Option compilerVar="CC" />
			<Option target="&lt;{~None~}&gt;" />
		</Unit>
		<Unit filename="wpa_supplicant/ap.c">
			<Option compilerVar="CC" />
			<Option target="&lt;{~None~}&gt;" />
		</Unit>
		<Unit filename="wpa_supplicant/ap.h">
			<Option target="&lt;{~None~}&gt;" />
		</Unit>
		<Unit filename="wpa_supplicant/bgscan.c">
			<Option compilerVar="CC" />
			<Option target="&lt;{~None~}&gt;" />
		</Unit>
		<Unit filename="wpa_supplicant/bgscan.h">
			<Option target="&lt;{~None~}&gt;" />
		</Unit>
		<Unit filename="wpa_supplicant/bgscan_simple.c">
			<Option compilerVar="CC" />
			<Option target="&lt;{~None~}&gt;" />
		</Unit>
		<Unit filename="wpa_supplicant/blacklist.c">
			<Option compilerVar="CC" />
			<Option target="&lt;{~None~}&gt;" />
		</Unit>
		<Unit filename="wpa_supplicant/blacklist.h">
			<Option target="&lt;{~None~}&gt;" />
		</Unit>
		<Unit filename="wpa_supplicant/bss.c">
			<Option compilerVar="CC" />
			<Option target="&lt;{~None~}&gt;" />
		</Unit>
		<Unit filename="wpa_supplicant/bss.h">
			<Option target="&lt;{~None~}&gt;" />
		</Unit>
		<Unit filename="wpa_supplicant/config.c">
			<Option compilerVar="CC" />
			<Option target="&lt;{~None~}&gt;" />
		</Unit>
		<Unit filename="wpa_supplicant/config.h">
			<Option target="&lt;{~None~}&gt;" />
		</Unit>
		<Unit filename="wpa_supplicant/config_file.c">
			<Option compilerVar="CC" />
			<Option target="&lt;{~None~}&gt;" />
		</Unit>
		<Unit filename="wpa_supplicant/config_none.c">
			<Option compilerVar="CC" />
			<Option target="&lt;{~None~}&gt;" />
		</Unit>
		<Unit filename="wpa_supplicant/config_ssid.h">
			<Option target="&lt;{~None~}&gt;" />
		</Unit>
		<Unit filename="wpa_supplicant/config_winreg.c">
			<Option compilerVar="CC" />
			<Option target="&lt;{~None~}&gt;" />
		</Unit>
		<Unit filename="wpa_supplicant/ctrl_iface.c">
			<Option compilerVar="CC" />
			<Option target="&lt;{~None~}&gt;" />
		</Unit>
		<Unit filename="wpa_supplicant/ctrl_iface.h">
			<Option target="&lt;{~None~}&gt;" />
		</Unit>
		<Unit filename="wpa_supplicant/ctrl_iface_named_pipe.c">
			<Option compilerVar="CC" />
			<Option target="&lt;{~None~}&gt;" />
		</Unit>
		<Unit filename="wpa_supplicant/ctrl_iface_udp.c">
			<Option compilerVar="CC" />
			<Option target="&lt;{~None~}&gt;" />
		</Unit>
		<Unit filename="wpa_supplicant/ctrl_iface_unix.c">
			<Option compilerVar="CC" />
			<Option target="&lt;{~None~}&gt;" />
		</Unit>
		<Unit filename="wpa_supplicant/dbus/dbus_common.c">
			<Option compilerVar="CC" />
			<Option target="&lt;{~None~}&gt;" />
		</Unit>
		<Unit filename="wpa_supplicant/dbus/dbus_common.h">
			<Option target="&lt;{~None~}&gt;" />
		</Unit>
		<Unit filename="wpa_supplicant/dbus/dbus_common_i.h">
			<Option target="&lt;{~None~}&gt;" />
		</Unit>
		<Unit filename="wpa_supplicant/dbus/dbus_dict_helpers.c">
			<Option compilerVar="CC" />
			<Option target="&lt;{~None~}&gt;" />
		</Unit>
		<Unit filename="wpa_supplicant/dbus/dbus_dict_helpers.h">
			<Option target="&lt;{~None~}&gt;" />
		</Unit>
		<Unit filename="wpa_supplicant/dbus/dbus_new.c">
			<Option compilerVar="CC" />
			<Option target="&lt;{~None~}&gt;" />
		</Unit>
		<Unit filename="wpa_supplicant/dbus/dbus_new.h">
			<Option target="&lt;{~None~}&gt;" />
		</Unit>
		<Unit filename="wpa_supplicant/dbus/dbus_new_handlers.c">
			<Option compilerVar="CC" />
			<Option target="&lt;{~None~}&gt;" />
		</Unit>
		<Unit filename="wpa_supplicant/dbus/dbus_new_handlers.h">
			<Option target="&lt;{~None~}&gt;" />
		</Unit>
		<Unit filename="wpa_supplicant/dbus/dbus_new_handlers_wps.c">
			<Option compilerVar="CC" />
			<Option target="&lt;{~None~}&gt;" />
		</Unit>
		<Unit filename="wpa_supplicant/dbus/dbus_new_helpers.c">
			<Option compilerVar="CC" />
			<Option target="&lt;{~None~}&gt;" />
		</Unit>
		<Unit filename="wpa_supplicant/dbus/dbus_new_helpers.h">
			<Option target="&lt;{~None~}&gt;" />
		</Unit>
		<Unit filename="wpa_supplicant/dbus/dbus_new_introspect.c">
			<Option compilerVar="CC" />
			<Option target="&lt;{~None~}&gt;" />
		</Unit>
		<Unit filename="wpa_supplicant/dbus/dbus_old.c">
			<Option compilerVar="CC" />
			<Option target="&lt;{~None~}&gt;" />
		</Unit>
		<Unit filename="wpa_supplicant/dbus/dbus_old.h">
			<Option target="&lt;{~None~}&gt;" />
		</Unit>
		<Unit filename="wpa_supplicant/dbus/dbus_old_handlers.c">
			<Option compilerVar="CC" />
			<Option target="&lt;{~None~}&gt;" />
		</Unit>
		<Unit filename="wpa_supplicant/dbus/dbus_old_handlers.h">
			<Option target="&lt;{~None~}&gt;" />
		</Unit>
		<Unit filename="wpa_supplicant/dbus/dbus_old_handlers_wps.c">
			<Option compilerVar="CC" />
			<Option target="&lt;{~None~}&gt;" />
		</Unit>
		<Unit filename="wpa_supplicant/driver_i.h">
			<Option target="&lt;{~None~}&gt;" />
		</Unit>
		<Unit filename="wpa_supplicant/eap_register.c">
			<Option compilerVar="CC" />
			<Option target="&lt;{~None~}&gt;" />
		</Unit>
		<Unit filename="wpa_supplicant/eapol_test.c">
			<Option compilerVar="CC" />
			<Option target="&lt;{~None~}&gt;" />
		</Unit>
		<Unit filename="wpa_supplicant/events.c">
			<Option compilerVar="CC" />
			<Option target="&lt;{~None~}&gt;" />
		</Unit>
		<Unit filename="wpa_supplicant/ibss_rsn.c">
			<Option compilerVar="CC" />
			<Option target="&lt;{~None~}&gt;" />
		</Unit>
		<Unit filename="wpa_supplicant/ibss_rsn.h">
			<Option target="&lt;{~None~}&gt;" />
		</Unit>
		<Unit filename="wpa_supplicant/main.c">
			<Option compilerVar="CC" />
			<Option target="&lt;{~None~}&gt;" />
		</Unit>
		<Unit filename="wpa_supplicant/main_none.c">
			<Option compilerVar="CC" />
			<Option target="&lt;{~None~}&gt;" />
		</Unit>
		<Unit filename="wpa_supplicant/main_symbian.cpp">
			<Option target="&lt;{~None~}&gt;" />
		</Unit>
		<Unit filename="wpa_supplicant/main_winmain.c">
			<Option compilerVar="CC" />
			<Option target="&lt;{~None~}&gt;" />
		</Unit>
		<Unit filename="wpa_supplicant/main_winsvc.c">
			<Option compilerVar="CC" />
			<Option target="&lt;{~None~}&gt;" />
		</Unit>
		<Unit filename="wpa_supplicant/mlme.c">
			<Option compilerVar="CC" />
			<Option target="&lt;{~None~}&gt;" />
		</Unit>
		<Unit filename="wpa_supplicant/mlme.h">
			<Option target="&lt;{~None~}&gt;" />
		</Unit>
		<Unit filename="wpa_supplicant/notify.c">
			<Option compilerVar="CC" />
			<Option target="&lt;{~None~}&gt;" />
		</Unit>
		<Unit filename="wpa_supplicant/notify.h">
			<Option target="&lt;{~None~}&gt;" />
		</Unit>
		<Unit filename="wpa_supplicant/preauth_test.c">
			<Option compilerVar="CC" />
			<Option target="&lt;{~None~}&gt;" />
		</Unit>
		<Unit filename="wpa_supplicant/scan.c">
			<Option compilerVar="CC" />
			<Option target="&lt;{~None~}&gt;" />
		</Unit>
		<Unit filename="wpa_supplicant/scan.h">
			<Option target="&lt;{~None~}&gt;" />
		</Unit>
		<Unit filename="wpa_supplicant/sme.c">
			<Option compilerVar="CC" />
			<Option target="&lt;{~None~}&gt;" />
		</Unit>
		<Unit filename="wpa_supplicant/sme.h">
			<Option target="&lt;{~None~}&gt;" />
		</Unit>
		<Unit filename="wpa_supplicant/tests/link_test.c">
			<Option compilerVar="CC" />
			<Option target="&lt;{~None~}&gt;" />
		</Unit>
		<Unit filename="wpa_supplicant/tests/test_eap_sim_common.c">
			<Option compilerVar="CC" />
			<Option target="&lt;{~None~}&gt;" />
		</Unit>
		<Unit filename="wpa_supplicant/tests/test_wpa.c">
			<Option compilerVar="CC" />
			<Option target="&lt;{~None~}&gt;" />
		</Unit>
		<Unit filename="wpa_supplicant/win_if_list.c">
			<Option compilerVar="CC" />
			<Option target="&lt;{~None~}&gt;" />
		</Unit>
		<Unit filename="wpa_supplicant/wpa_cli.c">
			<Option compilerVar="CC" />
			<Option target="&lt;{~None~}&gt;" />
		</Unit>
		<Unit filename="wpa_supplicant/wpa_gui-qt4/addinterface.cpp">
			<Option target="&lt;{~None~}&gt;" />
		</Unit>
		<Unit filename="wpa_supplicant/wpa_gui-qt4/addinterface.h">
			<Option target="&lt;{~None~}&gt;" />
		</Unit>
		<Unit filename="wpa_supplicant/wpa_gui-qt4/eventhistory.cpp">
			<Option target="&lt;{~None~}&gt;" />
		</Unit>
		<Unit filename="wpa_supplicant/wpa_gui-qt4/eventhistory.h">
			<Option target="&lt;{~None~}&gt;" />
		</Unit>
		<Unit filename="wpa_supplicant/wpa_gui-qt4/main.cpp">
			<Option target="&lt;{~None~}&gt;" />
		</Unit>
		<Unit filename="wpa_supplicant/wpa_gui-qt4/networkconfig.cpp">
			<Option target="&lt;{~None~}&gt;" />
		</Unit>
		<Unit filename="wpa_supplicant/wpa_gui-qt4/networkconfig.h">
			<Option target="&lt;{~None~}&gt;" />
		</Unit>
		<Unit filename="wpa_supplicant/wpa_gui-qt4/peers.cpp">
			<Option target="&lt;{~None~}&gt;" />
		</Unit>
		<Unit filename="wpa_supplicant/wpa_gui-qt4/peers.h">
			<Option target="&lt;{~None~}&gt;" />
		</Unit>
		<Unit filename="wpa_supplicant/wpa_gui-qt4/scanresults.cpp">
			<Option target="&lt;{~None~}&gt;" />
		</Unit>
		<Unit filename="wpa_supplicant/wpa_gui-qt4/scanresults.h">
			<Option target="&lt;{~None~}&gt;" />
		</Unit>
		<Unit filename="wpa_supplicant/wpa_gui-qt4/stringquery.cpp">
			<Option target="&lt;{~None~}&gt;" />
		</Unit>
		<Unit filename="wpa_supplicant/wpa_gui-qt4/stringquery.h">
			<Option target="&lt;{~None~}&gt;" />
		</Unit>
		<Unit filename="wpa_supplicant/wpa_gui-qt4/userdatarequest.cpp">
			<Option target="&lt;{~None~}&gt;" />
		</Unit>
		<Unit filename="wpa_supplicant/wpa_gui-qt4/userdatarequest.h">
			<Option target="&lt;{~None~}&gt;" />
		</Unit>
		<Unit filename="wpa_supplicant/wpa_gui-qt4/wpagui.cpp">
			<Option target="&lt;{~None~}&gt;" />
		</Unit>
		<Unit filename="wpa_supplicant/wpa_gui-qt4/wpagui.h">
			<Option target="&lt;{~None~}&gt;" />
		</Unit>
		<Unit filename="wpa_supplicant/wpa_gui-qt4/wpamsg.h">
			<Option target="&lt;{~None~}&gt;" />
		</Unit>
		<Unit filename="wpa_supplicant/wpa_gui/eventhistory.ui.h">
			<Option target="&lt;{~None~}&gt;" />
		</Unit>
		<Unit filename="wpa_supplicant/wpa_gui/main.cpp">
			<Option target="&lt;{~None~}&gt;" />
		</Unit>
		<Unit filename="wpa_supplicant/wpa_gui/networkconfig.ui.h">
			<Option target="&lt;{~None~}&gt;" />
		</Unit>
		<Unit filename="wpa_supplicant/wpa_gui/scanresults.ui.h">
			<Option target="&lt;{~None~}&gt;" />
		</Unit>
		<Unit filename="wpa_supplicant/wpa_gui/userdatarequest.ui.h">
			<Option target="&lt;{~None~}&gt;" />
		</Unit>
		<Unit filename="wpa_supplicant/wpa_gui/wpagui.ui.h">
			<Option target="&lt;{~None~}&gt;" />
		</Unit>
		<Unit filename="wpa_supplicant/wpa_gui/wpamsg.h">
			<Option target="&lt;{~None~}&gt;" />
		</Unit>
		<Unit filename="wpa_supplicant/wpa_passphrase.c">
			<Option compilerVar="CC" />
			<Option target="&lt;{~None~}&gt;" />
		</Unit>
		<Unit filename="wpa_supplicant/wpa_priv.c">
			<Option compilerVar="CC" />
			<Option target="&lt;{~None~}&gt;" />
		</Unit>
		<Unit filename="wpa_supplicant/wpa_supplicant.c">
			<Option compilerVar="CC" />
			<Option target="&lt;{~None~}&gt;" />
		</Unit>
		<Unit filename="wpa_supplicant/wpa_supplicant_i.h">
			<Option target="&lt;{~None~}&gt;" />
		</Unit>
		<Unit filename="wpa_supplicant/wpas_glue.c">
			<Option compilerVar="CC" />
			<Option target="&lt;{~None~}&gt;" />
		</Unit>
		<Unit filename="wpa_supplicant/wpas_glue.h">
			<Option target="&lt;{~None~}&gt;" />
		</Unit>
		<Unit filename="wpa_supplicant/wps_supplicant.c">
			<Option compilerVar="CC" />
			<Option target="&lt;{~None~}&gt;" />
		</Unit>
		<Unit filename="wpa_supplicant/wps_supplicant.h">
			<Option target="&lt;{~None~}&gt;" />
		</Unit>
		<Extensions />
	</Project>
</CodeBlocks_project_file>
