<?xml version="1.0" encoding="UTF-8" standalone="yes" ?>
<CodeBlocks_project_file>
	<FileVersion major="1" minor="6" />
	<Project>
		<Option title="libpcap" />
		<Option pch_mode="2" />
		<Option compiler="gcc" />
		<Build>
			<Target title="Debug">
				<Option output="bin/Debug/pcap" prefix_auto="1" extension_auto="1" />
				<Option object_output="obj/Debug/" />
				<Option type="3" />
				<Option compiler="gcc" />
				<Option createDefFile="1" />
				<Option createStaticLib="1" />
				<Compiler>
					<Add option="-fPIC" />
					<Add option="-ggdb3" />
					<Add option="-g" />
					<Add option='-D_U_=&quot;__attribute__((unused))&quot;' />
					<Add option="-DHAVE_DECL_ETHER_HOSTTON" />
					<Add option="-DHAVE_ETHER_HOSTTON" />
					<Add option="-DHAVE_INTTYPES_H" />
					<Add option="-DHAVE_LIMITS_H" />
					<Add option="-DHAVE_MEMORY_H" />
					<Add option="-DHAVE_NETINET_ETHER_H" />
					<Add option="-DHAVE_NETINET_IF_ETHER_H" />
					<Add option="-DHAVE_PROC_NET_DEV" />
					<Add option="-DHAVE_SNPRINTF" />
					<Add option="-DHAVE_SOCKADDR_STORAGE" />
					<Add option="-DHAVE_STDINT_H" />
					<Add option="-DHAVE_STDLIB_H" />
					<Add option="-DHAVE_STRERROR" />
					<Add option="-DHAVE_STRINGS_H" />
					<Add option="-DHAVE_STRING_H" />
					<Add option="-DHAVE_STRLCPY" />
					<Add option="-DHAVE_SYS_STAT_H" />
					<Add option="-DHAVE_SYS_TYPES_H" />
					<Add option="-DHAVE_TPACKET_STATS" />
					<Add option="-DHAVE_UNISTD_H" />
					<Add option="-DHAVE_VERSION_H" />
					<Add option="-DHAVE_VSNPRINTF" />
					<Add option="-DHAVE___ATTRIBUTE__" />
					<Add option="-DINET6" />
					<Add option="-DLBL_ALIGN" />
					<Add option="-DNETINET_ETHER_H_DECLARES_ETHER_HOSTTON=" />
					<Add option="-Dinline=inline" />
					<Add option="-Dyylval=pcap_lval" />
					<Add directory="include" />
				</Compiler>
			</Target>
			<Target title="Release">
				<Option output="bin/Release/pcap" prefix_auto="1" extension_auto="1" />
				<Option object_output="obj/Release/" />
				<Option type="3" />
				<Option compiler="gcc" />
				<Option createDefFile="1" />
				<Option createStaticLib="1" />
				<Compiler>
					<Add option="-O2" />
					<Add option='-D_U_=&quot;__attribute__((unused))&quot;' />
					<Add option="-DHAVE_DECL_ETHER_HOSTTON" />
					<Add option="-DHAVE_ETHER_HOSTTON" />
					<Add option="-DHAVE_INTTYPES_H" />
					<Add option="-DHAVE_LIMITS_H" />
					<Add option="-DHAVE_MEMORY_H" />
					<Add option="-DHAVE_NETINET_ETHER_H" />
					<Add option="-DHAVE_NETINET_IF_ETHER_H" />
					<Add option="-DHAVE_PROC_NET_DEV" />
					<Add option="-DHAVE_SNPRINTF" />
					<Add option="-DHAVE_SOCKADDR_STORAGE" />
					<Add option="-DHAVE_STDINT_H" />
					<Add option="-DHAVE_STDLIB_H" />
					<Add option="-DHAVE_STRERROR" />
					<Add option="-DHAVE_STRINGS_H" />
					<Add option="-DHAVE_STRING_H" />
					<Add option="-DHAVE_STRLCPY" />
					<Add option="-DHAVE_SYS_STAT_H" />
					<Add option="-DHAVE_SYS_TYPES_H" />
					<Add option="-DHAVE_TPACKET_STATS" />
					<Add option="-DHAVE_UNISTD_H" />
					<Add option="-DHAVE_VERSION_H" />
					<Add option="-DHAVE_VSNPRINTF" />
					<Add option="-DHAVE___ATTRIBUTE__" />
					<Add option="-DINET6" />
					<Add option="-DLBL_ALIGN" />
					<Add option="-DNETINET_ETHER_H_DECLARES_ETHER_HOSTTON=" />
					<Add option="-Dinline=inline" />
					<Add option="-Dyylval=pcap_lval" />
				</Compiler>
				<Linker>
					<Add option="-s" />
				</Linker>
			</Target>
		</Build>
		<Compiler>
			<Add option="-Wall" />
			<Add directory="include" />
		</Compiler>
		<Unit filename="include/arcnet.h" />
		<Unit filename="include/atmuni31.h" />
		<Unit filename="include/ethertype.h" />
		<Unit filename="include/gencode.h" />
		<Unit filename="include/llc.h" />
		<Unit filename="include/nlpid.h" />
		<Unit filename="include/pcap-bpf.h" />
		<Unit filename="include/pcap-dag.h" />
		<Unit filename="include/pcap-dos.h" />
		<Unit filename="include/pcap-int.h" />
		<Unit filename="include/pcap-namedb.h" />
		<Unit filename="include/pcap-nit.h" />
		<Unit filename="include/pcap-pf.h" />
		<Unit filename="include/pcap-septel.h" />
		<Unit filename="include/pcap-stdinc.h" />
		<Unit filename="include/pcap.h" />
		<Unit filename="include/pcap1.h" />
		<Unit filename="include/pf.h" />
		<Unit filename="include/ppp.h" />
		<Unit filename="include/sll.h" />
		<Unit filename="include/sunatmpos.h" />
		<Unit filename="src/bpf_dump.c">
			<Option compilerVar="CC" />
		</Unit>
		<Unit filename="src/bpf_filter.c">
			<Option compilerVar="CC" />
		</Unit>
		<Unit filename="src/bpf_image.c">
			<Option compilerVar="CC" />
		</Unit>
		<Unit filename="src/etherent.c">
			<Option compilerVar="CC" />
		</Unit>
		<Unit filename="src/fad-getad.c">
			<Option compilerVar="CC" />
		</Unit>
		<Unit filename="src/fad-gifc.c">
			<Option compilerVar="CC" />
			<Option compile="0" />
			<Option link="0" />
		</Unit>
		<Unit filename="src/fad-glifc.c">
			<Option compilerVar="CC" />
			<Option compile="0" />
			<Option link="0" />
		</Unit>
		<Unit filename="src/fad-null.c">
			<Option compilerVar="CC" />
			<Option compile="0" />
			<Option link="0" />
		</Unit>
		<Unit filename="src/fad-win32.c">
			<Option compilerVar="CC" />
			<Option compile="0" />
			<Option link="0" />
		</Unit>
		<Unit filename="src/gencode.c">
			<Option compilerVar="CC" />
		</Unit>
		<Unit filename="src/grammar.y">
			<Option compile="1" />
		</Unit>
		<Unit filename="src/inet.c">
			<Option compilerVar="CC" />
		</Unit>
		<Unit filename="src/nametoaddr.c">
			<Option compilerVar="CC" />
		</Unit>
		<Unit filename="src/optimize.c">
			<Option compilerVar="CC" />
		</Unit>
		<Unit filename="src/pcap-bpf.c">
			<Option compilerVar="CC" />
			<Option compile="0" />
			<Option link="0" />
		</Unit>
		<Unit filename="src/pcap-dag.c">
			<Option compilerVar="CC" />
			<Option compile="0" />
			<Option link="0" />
		</Unit>
		<Unit filename="src/pcap-dlpi.c">
			<Option compilerVar="CC" />
			<Option compile="0" />
			<Option link="0" />
		</Unit>
		<Unit filename="src/pcap-dos.c">
			<Option compilerVar="CC" />
			<Option compile="0" />
			<Option link="0" />
		</Unit>
		<Unit filename="src/pcap-enet.c">
			<Option compilerVar="CC" />
			<Option compile="0" />
			<Option link="0" />
		</Unit>
		<Unit filename="src/pcap-linux.c">
			<Option compilerVar="CC" />
		</Unit>
		<Unit filename="src/pcap-nit.c">
			<Option compilerVar="CC" />
			<Option compile="0" />
			<Option link="0" />
		</Unit>
		<Unit filename="src/pcap-null.c">
			<Option compilerVar="CC" />
			<Option compile="0" />
			<Option link="0" />
		</Unit>
		<Unit filename="src/pcap-pf.c">
			<Option compilerVar="CC" />
			<Option compile="0" />
			<Option link="0" />
		</Unit>
		<Unit filename="src/pcap-septel.c">
			<Option compilerVar="CC" />
			<Option compile="0" />
			<Option link="0" />
		</Unit>
		<Unit filename="src/pcap-snit.c">
			<Option compilerVar="CC" />
			<Option compile="0" />
			<Option link="0" />
		</Unit>
		<Unit filename="src/pcap-snoop.c">
			<Option compilerVar="CC" />
			<Option compile="0" />
			<Option link="0" />
		</Unit>
		<Unit filename="src/pcap-win32.c">
			<Option compilerVar="CC" />
			<Option compile="0" />
			<Option link="0" />
		</Unit>
		<Unit filename="src/pcap.c">
			<Option compilerVar="CC" />
		</Unit>
		<Unit filename="src/savefile.c">
			<Option compilerVar="CC" />
		</Unit>
		<Unit filename="src/scanner.l">
			<Option compile="1" />
		</Unit>
		<Extensions>
			<lib_finder disable_auto="1" />
		</Extensions>
	</Project>
</CodeBlocks_project_file>
